{
    "name": "lionapi",
    "version": "1.0.0",
    "lockfileVersion": 3,
    "requires": true,
    "packages": {
        "": {
            "name": "lionapi",
            "version": "1.0.0",
            "license": "MIT",
            "dependencies": {
                "lionapi": "^1.0.0"
            }
        },
        "node_modules/lionapi": {
            "version": "1.0.0",
            "resolved": "https://registry.npmjs.org/lionapi/-/lionapi-1.0.0.tgz",
            "integrity": "sha512-3tAbWE1L/sd+cwP+Rs1QhApMR0jayBfGzPhzwy2ERirwSAPdJT3rxjtQhKKe1rXzM61atsvGSwej2yGPiuKv2g=="
        }
    }
}
