{
    "name": "openlion",
    "version": "1.0.0",
    "lockfileVersion": 3,
    "requires": true,
    "packages": {
        "": {
            "name": "openlion",
            "version": "1.0.0",
            "license": "MIT",
            "dependencies": {
                "lionapi": "^1.0.0"
            }
        },
        "node_modules/lionapi": {
            "version": "1.0.1",
            "resolved": "https://registry.npmjs.org/lionapi/-/lionapi-1.0.1.tgz",
            "integrity": "sha512-EX3OTNX1BPgEBvx3ijuDo4Fwq9IiTsPFM+a//ijJWXTTbDrZPekJIlbK0FVtRdBp+wFH8Amp99Lyx4muEjbwew==",
            "dependencies": {
                "lionapi": "^1.0.0"
            }
        }
    }
}
